
Microsoft Visual Studio Solution File, Format Version 12.00
# Visual Studio Version 17
VisualStudioVersion = 17.8.34408.163
MinimumVisualStudioVersion = 10.0.40219.1
Project("{FAE04EC0-301F-11D3-BF4B-00C04F79EFBC}") = "EjCSharp", "EjCSharp.csproj", "{2484ACC4-B899-46DF-B8FB-1ABD62F90187}"
EndProject
Project("{FAE04EC0-301F-11D3-BF4B-00C04F79EFBC}") = "Ejemplo2", "..\Ejemplo2\Ejemplo2.csproj", "{CFE52942-8AC1-4C37-9889-FBD7BBAB0241}"
EndProject
Project("{FAE04EC0-301F-11D3-BF4B-00C04F79EFBC}") = "Ejemplo3", "..\Ejemplo3\Ejemplo3.csproj", "{0E6436C6-FC71-4F5D-A54F-A40E39CC6BF4}"
EndProject
Project("{FAE04EC0-301F-11D3-BF4B-00C04F79EFBC}") = "Ejemplo4", "..\Ejemplo4\Ejemplo4.csproj", "{6EB521CB-CA7F-4D2B-8427-503D75A1E1A0}"
EndProject
Project("{FAE04EC0-301F-11D3-BF4B-00C04F79EFBC}") = "Ejemplo5", "..\Ejemplo5\Ejemplo5.csproj", "{308FE375-6A20-4232-8EDF-25149A2B9FD2}"
EndProject
Global
	GlobalSection(SolutionConfigurationPlatforms) = preSolution
		Debug|Any CPU = Debug|Any CPU
		Release|Any CPU = Release|Any CPU
	EndGlobalSection
	GlobalSection(ProjectConfigurationPlatforms) = postSolution
		{2484ACC4-B899-46DF-B8FB-1ABD62F90187}.Debug|Any CPU.ActiveCfg = Debug|Any CPU
		{2484ACC4-B899-46DF-B8FB-1ABD62F90187}.Debug|Any CPU.Build.0 = Debug|Any CPU
		{2484ACC4-B899-46DF-B8FB-1ABD62F90187}.Release|Any CPU.ActiveCfg = Release|Any CPU
		{2484ACC4-B899-46DF-B8FB-1ABD62F90187}.Release|Any CPU.Build.0 = Release|Any CPU
		{CFE52942-8AC1-4C37-9889-FBD7BBAB0241}.Debug|Any CPU.ActiveCfg = Debug|Any CPU
		{CFE52942-8AC1-4C37-9889-FBD7BBAB0241}.Debug|Any CPU.Build.0 = Debug|Any CPU
		{CFE52942-8AC1-4C37-9889-FBD7BBAB0241}.Release|Any CPU.ActiveCfg = Release|Any CPU
		{CFE52942-8AC1-4C37-9889-FBD7BBAB0241}.Release|Any CPU.Build.0 = Release|Any CPU
		{0E6436C6-FC71-4F5D-A54F-A40E39CC6BF4}.Debug|Any CPU.ActiveCfg = Debug|Any CPU
		{0E6436C6-FC71-4F5D-A54F-A40E39CC6BF4}.Debug|Any CPU.Build.0 = Debug|Any CPU
		{0E6436C6-FC71-4F5D-A54F-A40E39CC6BF4}.Release|Any CPU.ActiveCfg = Release|Any CPU
		{0E6436C6-FC71-4F5D-A54F-A40E39CC6BF4}.Release|Any CPU.Build.0 = Release|Any CPU
		{6EB521CB-CA7F-4D2B-8427-503D75A1E1A0}.Debug|Any CPU.ActiveCfg = Debug|Any CPU
		{6EB521CB-CA7F-4D2B-8427-503D75A1E1A0}.Debug|Any CPU.Build.0 = Debug|Any CPU
		{6EB521CB-CA7F-4D2B-8427-503D75A1E1A0}.Release|Any CPU.ActiveCfg = Release|Any CPU
		{6EB521CB-CA7F-4D2B-8427-503D75A1E1A0}.Release|Any CPU.Build.0 = Release|Any CPU
		{308FE375-6A20-4232-8EDF-25149A2B9FD2}.Debug|Any CPU.ActiveCfg = Debug|Any CPU
		{308FE375-6A20-4232-8EDF-25149A2B9FD2}.Debug|Any CPU.Build.0 = Debug|Any CPU
		{308FE375-6A20-4232-8EDF-25149A2B9FD2}.Release|Any CPU.ActiveCfg = Release|Any CPU
		{308FE375-6A20-4232-8EDF-25149A2B9FD2}.Release|Any CPU.Build.0 = Release|Any CPU
	EndGlobalSection
	GlobalSection(SolutionProperties) = preSolution
		HideSolutionNode = FALSE
	EndGlobalSection
	GlobalSection(ExtensibilityGlobals) = postSolution
		SolutionGuid = {16906F36-D41D-48E9-A5A3-6E3F5A89D9FA}
	EndGlobalSection
EndGlobal
